
Microsoft Visual Studio Solution File, Format Version 12.00
# Visual Studio Version 17
VisualStudioVersion = 17.1.32210.238
MinimumVisualStudioVersion = 10.0.40219.1
Project("{8BC9CEB8-8B4A-11D0-8D11-00A0C91BC942}") = "BinarySearchTree", "BinarySearchTree\BinarySearchTree.vcxproj", "{9C470B27-96D5-42D9-8F2F-7A1A1819B6AD}"
EndProject
Global
	GlobalSection(SolutionConfigurationPlatforms) = preSolution
		Debug|x64 = Debug|x64
		Debug|x86 = Debug|x86
		Release|x64 = Release|x64
		Release|x86 = Release|x86
	EndGlobalSection
	GlobalSection(ProjectConfigurationPlatforms) = postSolution
		{9C470B27-96D5-42D9-8F2F-7A1A1819B6AD}.Debug|x64.ActiveCfg = Debug|x64
		{9C470B27-96D5-42D9-8F2F-7A1A1819B6AD}.Debug|x64.Build.0 = Debug|x64
		{9C470B27-96D5-42D9-8F2F-7A1A1819B6AD}.Debug|x86.ActiveCfg = Debug|Win32
		{9C470B27-96D5-42D9-8F2F-7A1A1819B6AD}.Debug|x86.Build.0 = Debug|Win32
		{9C470B27-96D5-42D9-8F2F-7A1A1819B6AD}.Release|x64.ActiveCfg = Release|x64
		{9C470B27-96D5-42D9-8F2F-7A1A1819B6AD}.Release|x64.Build.0 = Release|x64
		{9C470B27-96D5-42D9-8F2F-7A1A1819B6AD}.Release|x86.ActiveCfg = Release|Win32
		{9C470B27-96D5-42D9-8F2F-7A1A1819B6AD}.Release|x86.Build.0 = Release|Win32
	EndGlobalSection
	GlobalSection(SolutionProperties) = preSolution
		HideSolutionNode = FALSE
	EndGlobalSection
	GlobalSection(ExtensibilityGlobals) = postSolution
		SolutionGuid = {F574F62F-3947-4DA1-B48F-B17724F6D08F}
	EndGlobalSection
EndGlobal
